
Microsoft Visual Studio Solution File, Format Version 12.00
# Visual Studio 2012
Project("{FAE04EC0-301F-11D3-BF4B-00C04F79EFBC}") = "ETrikeV", "ETrikeV\ETrikeV.csproj", "{FCDA2EA6-B47C-44BD-AD07-664ADFD9D577}"
EndProject
Global
	GlobalSection(SolutionConfigurationPlatforms) = preSolution
		Debug|x86 = Debug|x86
		Release|x86 = Release|x86
	EndGlobalSection
	GlobalSection(ProjectConfigurationPlatforms) = postSolution
		{FCDA2EA6-B47C-44BD-AD07-664ADFD9D577}.Debug|x86.ActiveCfg = Debug|x86
		{FCDA2EA6-B47C-44BD-AD07-664ADFD9D577}.Debug|x86.Build.0 = Debug|x86
		{FCDA2EA6-B47C-44BD-AD07-664ADFD9D577}.Release|x86.ActiveCfg = Release|x86
		{FCDA2EA6-B47C-44BD-AD07-664ADFD9D577}.Release|x86.Build.0 = Release|x86
	EndGlobalSection
	GlobalSection(MonoDevelopProperties) = preSolution
		StartupItem = ETrikeV\ETrikeV.csproj
	EndGlobalSection
EndGlobal
